
Microsoft Visual Studio Solution File, Format Version 12.00
# Visual Studio Version 16
VisualStudioVersion = 16.0.30011.22
MinimumVisualStudioVersion = 10.0.40219.1
Project("{9A19103F-16F7-4668-BE54-9A1E7A4F7556}") = "AowCore.AppWeb", "AowCore.AppWeb\AowCore.AppWeb.csproj", "{7B1790D1-BC1F-46B3-8F84-803CD8AF7D15}"
EndProject
Project("{9A19103F-16F7-4668-BE54-9A1E7A4F7556}") = "AowCore.Application", "AowCore.Application\AowCore.Application.csproj", "{30CBAF06-9F94-4F02-A2B1-7E9DD5A3B005}"
EndProject
Project("{9A19103F-16F7-4668-BE54-9A1E7A4F7556}") = "AowCore.Domain", "AowCore.Domain\AowCore.Domain.csproj", "{2465B8A7-7E9D-41B4-B65A-E07C4F97591B}"
EndProject
Project("{9A19103F-16F7-4668-BE54-9A1E7A4F7556}") = "AowCore.Infrastructure", "AowCore.Infrastructure\AowCore.Infrastructure.csproj", "{C5947A26-5ED8-4DD0-B38F-F4E9B81134EE}"
EndProject
Project("{9A19103F-16F7-4668-BE54-9A1E7A4F7556}") = "API", "WebApplication\API.csproj", "{A3A6836B-6525-483F-9610-4C3FEE13E9AF}"
EndProject
Global
	GlobalSection(SolutionConfigurationPlatforms) = preSolution
		Debug|Any CPU = Debug|Any CPU
		Release|Any CPU = Release|Any CPU
	EndGlobalSection
	GlobalSection(ProjectConfigurationPlatforms) = postSolution
		{7B1790D1-BC1F-46B3-8F84-803CD8AF7D15}.Debug|Any CPU.ActiveCfg = Debug|Any CPU
		{7B1790D1-BC1F-46B3-8F84-803CD8AF7D15}.Debug|Any CPU.Build.0 = Debug|Any CPU
		{7B1790D1-BC1F-46B3-8F84-803CD8AF7D15}.Release|Any CPU.ActiveCfg = Release|Any CPU
		{7B1790D1-BC1F-46B3-8F84-803CD8AF7D15}.Release|Any CPU.Build.0 = Release|Any CPU
		{30CBAF06-9F94-4F02-A2B1-7E9DD5A3B005}.Debug|Any CPU.ActiveCfg = Debug|Any CPU
		{30CBAF06-9F94-4F02-A2B1-7E9DD5A3B005}.Debug|Any CPU.Build.0 = Debug|Any CPU
		{30CBAF06-9F94-4F02-A2B1-7E9DD5A3B005}.Release|Any CPU.ActiveCfg = Release|Any CPU
		{30CBAF06-9F94-4F02-A2B1-7E9DD5A3B005}.Release|Any CPU.Build.0 = Release|Any CPU
		{2465B8A7-7E9D-41B4-B65A-E07C4F97591B}.Debug|Any CPU.ActiveCfg = Debug|Any CPU
		{2465B8A7-7E9D-41B4-B65A-E07C4F97591B}.Debug|Any CPU.Build.0 = Debug|Any CPU
		{2465B8A7-7E9D-41B4-B65A-E07C4F97591B}.Release|Any CPU.ActiveCfg = Release|Any CPU
		{2465B8A7-7E9D-41B4-B65A-E07C4F97591B}.Release|Any CPU.Build.0 = Release|Any CPU
		{C5947A26-5ED8-4DD0-B38F-F4E9B81134EE}.Debug|Any CPU.ActiveCfg = Debug|Any CPU
		{C5947A26-5ED8-4DD0-B38F-F4E9B81134EE}.Debug|Any CPU.Build.0 = Debug|Any CPU
		{C5947A26-5ED8-4DD0-B38F-F4E9B81134EE}.Release|Any CPU.ActiveCfg = Release|Any CPU
		{C5947A26-5ED8-4DD0-B38F-F4E9B81134EE}.Release|Any CPU.Build.0 = Release|Any CPU
		{A3A6836B-6525-483F-9610-4C3FEE13E9AF}.Debug|Any CPU.ActiveCfg = Debug|Any CPU
		{A3A6836B-6525-483F-9610-4C3FEE13E9AF}.Debug|Any CPU.Build.0 = Debug|Any CPU
		{A3A6836B-6525-483F-9610-4C3FEE13E9AF}.Release|Any CPU.ActiveCfg = Release|Any CPU
		{A3A6836B-6525-483F-9610-4C3FEE13E9AF}.Release|Any CPU.Build.0 = Release|Any CPU
	EndGlobalSection
	GlobalSection(SolutionProperties) = preSolution
		HideSolutionNode = FALSE
	EndGlobalSection
	GlobalSection(ExtensibilityGlobals) = postSolution
		SolutionGuid = {E008633E-3648-4E89-B291-FBC07A2AB64A}
	EndGlobalSection
EndGlobal
